
Microsoft Visual Studio Solution File, Format Version 12.00
# Visual Studio Version 16
VisualStudioVersion = 16.0.31402.337
MinimumVisualStudioVersion = 10.0.40219.1
Project("{9A19103F-16F7-4668-BE54-9A1E7A4F7556}") = "BookListRaZor", "BookListRaZor.csproj", "{1B57CE6C-3251-4E6B-9521-DF928E5C961A}"
EndProject
Global
	GlobalSection(SolutionConfigurationPlatforms) = preSolution
		Debug|Any CPU = Debug|Any CPU
		Release|Any CPU = Release|Any CPU
	EndGlobalSection
	GlobalSection(ProjectConfigurationPlatforms) = postSolution
		{1B57CE6C-3251-4E6B-9521-DF928E5C961A}.Debug|Any CPU.ActiveCfg = Debug|Any CPU
		{1B57CE6C-3251-4E6B-9521-DF928E5C961A}.Debug|Any CPU.Build.0 = Debug|Any CPU
		{1B57CE6C-3251-4E6B-9521-DF928E5C961A}.Release|Any CPU.ActiveCfg = Release|Any CPU
		{1B57CE6C-3251-4E6B-9521-DF928E5C961A}.Release|Any CPU.Build.0 = Release|Any CPU
	EndGlobalSection
	GlobalSection(SolutionProperties) = preSolution
		HideSolutionNode = FALSE
	EndGlobalSection
	GlobalSection(ExtensibilityGlobals) = postSolution
		SolutionGuid = {E6C97652-144F-47DE-A625-9483302C784C}
	EndGlobalSection
EndGlobal
